{
  "name": "efss-monitor",
  "version": "0.1.0",
  "lockfileVersion": 3,
  "requires": true,
  "packages": {
    "": {
      "name": "efss-monitor",
      "version": "0.1.0",
      "dependencies": {
        "diff": "^5.2.0",
        "fast-xml-parser": "^4.5.0"
      }
    },
    "node_modules/diff": {
      "version": "5.2.2",
      "resolved": "https://registry.npmjs.org/diff/-/diff-5.2.2.tgz",
      "integrity": "sha512-vtcDfH3TOjP8UekytvnHH1o1P4FcUdt4eQ1Y+Abap1tk/OB2MWQvcwS2ClCd1zuIhc3JKOx6p3kod8Vfys3E+A==",
      "license": "BSD-3-Clause",
      "engines": {
        "node": ">=0.3.1"
      }
    },
    "node_modules/fast-xml-parser": {
      "version": "4.5.6",
      "resolved": "https://registry.npmjs.org/fast-xml-parser/-/fast-xml-parser-4.5.6.tgz",
      "integrity": "sha512-Yd4vkROfJf8AuJrDIVMVmYfULKmIJszVsMv7Vo71aocsKgFxpdlpSHXSaInvyYfgw2PRuObQSW2GFpVMUjxu9A==",
      "funding": [
        {
          "type": "github",
          "url": "https://github.com/sponsors/NaturalIntelligence"
        }
      ],
      "license": "MIT",
      "dependencies": {
        "strnum": "^1.0.5"
      },
      "bin": {
        "fxparser": "src/cli/cli.js"
      }
    },
    "node_modules/strnum": {
      "version": "1.1.2",
      "resolved": "https://registry.npmjs.org/strnum/-/strnum-1.1.2.tgz",
      "integrity": "sha512-vrN+B7DBIoTTZjnPNewwhx6cBA/H+IS7rfW68n7XxC1y7uoiGQBxaKzqucGUgavX15dJgiGztLJ8vxuEzwqBdA==",
      "funding": [
        {
          "type": "github",
          "url": "https://github.com/sponsors/NaturalIntelligence"
        }
      ],
      "license": "MIT"
    }
  }
}
